
Microsoft Visual Studio Solution File, Format Version 12.00
# Visual Studio Version 16
VisualStudioVersion = 16.0.30804.86
MinimumVisualStudioVersion = 10.0.40219.1
Project("{FAE04EC0-301F-11D3-BF4B-00C04F79EFBC}") = "TBD_FILM", "TBD_FILM.csproj", "{A3EE12F9-CD09-4333-A566-060E59B47A3A}"
EndProject
Global
	GlobalSection(SolutionConfigurationPlatforms) = preSolution
		Debug|Any CPU = Debug|Any CPU
		Release|Any CPU = Release|Any CPU
	EndGlobalSection
	GlobalSection(ProjectConfigurationPlatforms) = postSolution
		{A3EE12F9-CD09-4333-A566-060E59B47A3A}.Debug|Any CPU.ActiveCfg = Debug|Any CPU
		{A3EE12F9-CD09-4333-A566-060E59B47A3A}.Debug|Any CPU.Build.0 = Debug|Any CPU
		{A3EE12F9-CD09-4333-A566-060E59B47A3A}.Release|Any CPU.ActiveCfg = Release|Any CPU
		{A3EE12F9-CD09-4333-A566-060E59B47A3A}.Release|Any CPU.Build.0 = Release|Any CPU
	EndGlobalSection
	GlobalSection(SolutionProperties) = preSolution
		HideSolutionNode = FALSE
	EndGlobalSection
	GlobalSection(ExtensibilityGlobals) = postSolution
		SolutionGuid = {977C7669-3A33-493B-BFF7-4545EB890242}
	EndGlobalSection
EndGlobal
